
Microsoft Visual Studio Solution File, Format Version 12.00
# Visual Studio Version 17
VisualStudioVersion = 17.12.35527.113
MinimumVisualStudioVersion = 10.0.40219.1
Project("{FAE04EC0-301F-11D3-BF4B-00C04F79EFBC}") = "Business", "Business\Business.csproj", "{0A61980B-BB7F-40CD-8B76-0B055C8596ED}"
EndProject
Project("{FAE04EC0-301F-11D3-BF4B-00C04F79EFBC}") = "Presentation_ConsoleApp", "Presentation_ConsoleApp\Presentation_ConsoleApp.csproj", "{7FEF4D24-26A4-4C26-87B9-0F4F11FDCCB7}"
EndProject
Project("{FAE04EC0-301F-11D3-BF4B-00C04F79EFBC}") = "Tests", "Tests\Tests.csproj", "{59D84AE1-9774-4947-B765-0DF6FFDAAC12}"
EndProject
Project("{2150E333-8FDC-42A3-9474-1A3956D46DE8}") = "Solution Items", "Solution Items", "{2C04AD73-F9E2-4601-BA98-409BC0955D1F}"
	ProjectSection(SolutionItems) = preProject
		.gitignore = .gitignore
	EndProjectSection
EndProject
Global
	GlobalSection(SolutionConfigurationPlatforms) = preSolution
		Debug|Any CPU = Debug|Any CPU
		Release|Any CPU = Release|Any CPU
	EndGlobalSection
	GlobalSection(ProjectConfigurationPlatforms) = postSolution
		{0A61980B-BB7F-40CD-8B76-0B055C8596ED}.Debug|Any CPU.ActiveCfg = Debug|Any CPU
		{0A61980B-BB7F-40CD-8B76-0B055C8596ED}.Debug|Any CPU.Build.0 = Debug|Any CPU
		{0A61980B-BB7F-40CD-8B76-0B055C8596ED}.Release|Any CPU.ActiveCfg = Release|Any CPU
		{0A61980B-BB7F-40CD-8B76-0B055C8596ED}.Release|Any CPU.Build.0 = Release|Any CPU
		{7FEF4D24-26A4-4C26-87B9-0F4F11FDCCB7}.Debug|Any CPU.ActiveCfg = Debug|Any CPU
		{7FEF4D24-26A4-4C26-87B9-0F4F11FDCCB7}.Debug|Any CPU.Build.0 = Debug|Any CPU
		{7FEF4D24-26A4-4C26-87B9-0F4F11FDCCB7}.Release|Any CPU.ActiveCfg = Release|Any CPU
		{7FEF4D24-26A4-4C26-87B9-0F4F11FDCCB7}.Release|Any CPU.Build.0 = Release|Any CPU
		{59D84AE1-9774-4947-B765-0DF6FFDAAC12}.Debug|Any CPU.ActiveCfg = Debug|Any CPU
		{59D84AE1-9774-4947-B765-0DF6FFDAAC12}.Debug|Any CPU.Build.0 = Debug|Any CPU
		{59D84AE1-9774-4947-B765-0DF6FFDAAC12}.Release|Any CPU.ActiveCfg = Release|Any CPU
		{59D84AE1-9774-4947-B765-0DF6FFDAAC12}.Release|Any CPU.Build.0 = Release|Any CPU
	EndGlobalSection
	GlobalSection(SolutionProperties) = preSolution
		HideSolutionNode = FALSE
	EndGlobalSection
EndGlobal
